// !$*UTF8*$!
{
	archiveVersion = 1;
	classes = {
	};
	objectVersion = 50;
	objects = {

/* Begin PBXBuildFile section */
		C8D2AF672114018D00B98FD7 /* AppDelegate.swift in Sources */ = {isa = PBXBuildFile; fileRef = C8D2AF662114018D00B98FD7 /* AppDelegate.swift */; };
		C8D2AF692114018D00B98FD7 /* ViewController.swift in Sources */ = {isa = PBXBuildFile; fileRef = C8D2AF682114018D00B98FD7 /* ViewController.swift */; };
		C8D2AF6C2114018D00B98FD7 /* Main.storyboard in Resources */ = {isa = PBXBuildFile; fileRef = C8D2AF6A2114018D00B98FD7 /* Main.storyboard */; };
		C8D2AF6E2114018F00B98FD7 /* Assets.xcassets in Resources */ = {isa = PBXBuildFile; fileRef = C8D2AF6D2114018F00B98FD7 /* Assets.xcassets */; };
		C8D2AF712114018F00B98FD7 /* LaunchScreen.storyboard in Resources */ = {isa = PBXBuildFile; fileRef = C8D2AF6F2114018F00B98FD7 /* LaunchScreen.storyboard */; };
		C8D2AF7C2114019000B98FD7 /* VideoPlayerDemoTests.swift in Sources */ = {isa = PBXBuildFile; fileRef = C8D2AF7B2114019000B98FD7 /* VideoPlayerDemoTests.swift */; };
		C8D2AF872114019000B98FD7 /* VideoPlayerDemoUITests.swift in Sources */ = {isa = PBXBuildFile; fileRef = C8D2AF862114019000B98FD7 /* VideoPlayerDemoUITests.swift */; };
		C8D2AF95211408F600B98FD7 /* WebViewController.swift in Sources */ = {isa = PBXBuildFile; fileRef = C8D2AF94211408F600B98FD7 /* WebViewController.swift */; };
		C8D2AF9B21143DC000B98FD7 /* WTMPMoviePlayerController.swift in Sources */ = {isa = PBXBuildFile; fileRef = C8D2AF9A21143DC000B98FD7 /* WTMPMoviePlayerController.swift */; };
		C8D2AF9D2114472C00B98FD7 /* WTPlyaerViewController.swift in Sources */ = {isa = PBXBuildFile; fileRef = C8D2AF9C2114472C00B98FD7 /* WTPlyaerViewController.swift */; };
		C8D2AF9F2114499C00B98FD7 /* WTPlayerController.swift in Sources */ = {isa = PBXBuildFile; fileRef = C8D2AF9E2114499C00B98FD7 /* WTPlayerController.swift */; };
/* End PBXBuildFile section */

/* Begin PBXContainerItemProxy section */
		C8D2AF782114019000B98FD7 /* PBXContainerItemProxy */ = {
			isa = PBXContainerItemProxy;
			containerPortal = C8D2AF5B2114018D00B98FD7 /* Project object */;
			proxyType = 1;
			remoteGlobalIDString = C8D2AF622114018D00B98FD7;
			remoteInfo = VideoPlayerDemo;
		};
		C8D2AF832114019000B98FD7 /* PBXContainerItemProxy */ = {
			isa = PBXContainerItemProxy;
			containerPortal = C8D2AF5B2114018D00B98FD7 /* Project object */;
			proxyType = 1;
			remoteGlobalIDString = C8D2AF622114018D00B98FD7;
			remoteInfo = VideoPlayerDemo;
		};
/* End PBXContainerItemProxy section */

/* Begin PBXFileReference section */
		C8D2AF632114018D00B98FD7 /* VideoPlayerDemo.app */ = {isa = PBXFileReference; explicitFileType = wrapper.application; includeInIndex = 0; path = VideoPlayerDemo.app; sourceTree = BUILT_PRODUCTS_DIR; };
		C8D2AF662114018D00B98FD7 /* AppDelegate.swift */ = {isa = PBXFileReference; lastKnownFileType = sourcecode.swift; path = AppDelegate.swift; sourceTree = "<group>"; };
		C8D2AF682114018D00B98FD7 /* ViewController.swift */ = {isa = PBXFileReference; lastKnownFileType = sourcecode.swift; path = ViewController.swift; sourceTree = "<group>"; };
		C8D2AF6B2114018D00B98FD7 /* Base */ = {isa = PBXFileReference; lastKnownFileType = file.storyboard; name = Base; path = Base.lproj/Main.storyboard; sourceTree = "<group>"; };
		C8D2AF6D2114018F00B98FD7 /* Assets.xcassets */ = {isa = PBXFileReference; lastKnownFileType = folder.assetcatalog; path = Assets.xcassets; sourceTree = "<group>"; };
		C8D2AF702114018F00B98FD7 /* Base */ = {isa = PBXFileReference; lastKnownFileType = file.storyboard; name = Base; path = Base.lproj/LaunchScreen.storyboard; sourceTree = "<group>"; };
		C8D2AF722114019000B98FD7 /* Info.plist */ = {isa = PBXFileReference; lastKnownFileType = text.plist.xml; path = Info.plist; sourceTree = "<group>"; };
		C8D2AF772114019000B98FD7 /* VideoPlayerDemoTests.xctest */ = {isa = PBXFileReference; explicitFileType = wrapper.cfbundle; includeInIndex = 0; path = VideoPlayerDemoTests.xctest; sourceTree = BUILT_PRODUCTS_DIR; };
		C8D2AF7B2114019000B98FD7 /* VideoPlayerDemoTests.swift */ = {isa = PBXFileReference; lastKnownFileType = sourcecode.swift; path = VideoPlayerDemoTests.swift; sourceTree = "<group>"; };
		C8D2AF7D2114019000B98FD7 /* Info.plist */ = {isa = PBXFileReference; lastKnownFileType = text.plist.xml; path = Info.plist; sourceTree = "<group>"; };
		C8D2AF822114019000B98FD7 /* VideoPlayerDemoUITests.xctest */ = {isa = PBXFileReference; explicitFileType = wrapper.cfbundle; includeInIndex = 0; path = VideoPlayerDemoUITests.xctest; sourceTree = BUILT_PRODUCTS_DIR; };
		C8D2AF862114019000B98FD7 /* VideoPlayerDemoUITests.swift */ = {isa = PBXFileReference; lastKnownFileType = sourcecode.swift; path = VideoPlayerDemoUITests.swift; sourceTree = "<group>"; };
		C8D2AF882114019000B98FD7 /* Info.plist */ = {isa = PBXFileReference; lastKnownFileType = text.plist.xml; path = Info.plist; sourceTree = "<group>"; };
		C8D2AF94211408F600B98FD7 /* WebViewController.swift */ = {isa = PBXFileReference; lastKnownFileType = sourcecode.swift; path = WebViewController.swift; sourceTree = "<group>"; };
		C8D2AF9A21143DC000B98FD7 /* WTMPMoviePlayerController.swift */ = {isa = PBXFileReference; lastKnownFileType = sourcecode.swift; path = WTMPMoviePlayerController.swift; sourceTree = "<group>"; };
		C8D2AF9C2114472C00B98FD7 /* WTPlyaerViewController.swift */ = {isa = PBXFileReference; lastKnownFileType = sourcecode.swift; path = WTPlyaerViewController.swift; sourceTree = "<group>"; };
		C8D2AF9E2114499C00B98FD7 /* WTPlayerController.swift */ = {isa = PBXFileReference; lastKnownFileType = sourcecode.swift; path = WTPlayerController.swift; sourceTree = "<group>"; };
/* End PBXFileReference section */

/* Begin PBXFrameworksBuildPhase section */
		C8D2AF602114018D00B98FD7 /* Frameworks */ = {
			isa = PBXFrameworksBuildPhase;
			buildActionMask = 2147483647;
			files = (
			);
			runOnlyForDeploymentPostprocessing = 0;
		};
		C8D2AF742114019000B98FD7 /* Frameworks */ = {
			isa = PBXFrameworksBuildPhase;
			buildActionMask = 2147483647;
			files = (
			);
			runOnlyForDeploymentPostprocessing = 0;
		};
		C8D2AF7F2114019000B98FD7 /* Frameworks */ = {
			isa = PBXFrameworksBuildPhase;
			buildActionMask = 2147483647;
			files = (
			);
			runOnlyForDeploymentPostprocessing = 0;
		};
/* End PBXFrameworksBuildPhase section */

/* Begin PBXGroup section */
		C8D2AF5A2114018D00B98FD7 = {
			isa = PBXGroup;
			children = (
				C8D2AF652114018D00B98FD7 /* VideoPlayerDemo */,
				C8D2AF7A2114019000B98FD7 /* VideoPlayerDemoTests */,
				C8D2AF852114019000B98FD7 /* VideoPlayerDemoUITests */,
				C8D2AF642114018D00B98FD7 /* Products */,
			);
			sourceTree = "<group>";
		};
		C8D2AF642114018D00B98FD7 /* Products */ = {
			isa = PBXGroup;
			children = (
				C8D2AF632114018D00B98FD7 /* VideoPlayerDemo.app */,
				C8D2AF772114019000B98FD7 /* VideoPlayerDemoTests.xctest */,
				C8D2AF822114019000B98FD7 /* VideoPlayerDemoUITests.xctest */,
			);
			name = Products;
			sourceTree = "<group>";
		};
		C8D2AF652114018D00B98FD7 /* VideoPlayerDemo */ = {
			isa = PBXGroup;
			children = (
				C8D2AF662114018D00B98FD7 /* AppDelegate.swift */,
				C8D2AF682114018D00B98FD7 /* ViewController.swift */,
				C8D2AF94211408F600B98FD7 /* WebViewController.swift */,
				C8D2AF9E2114499C00B98FD7 /* WTPlayerController.swift */,
				C8D2AF9C2114472C00B98FD7 /* WTPlyaerViewController.swift */,
				C8D2AF9A21143DC000B98FD7 /* WTMPMoviePlayerController.swift */,
				C8D2AF6A2114018D00B98FD7 /* Main.storyboard */,
				C8D2AF6D2114018F00B98FD7 /* Assets.xcassets */,
				C8D2AF6F2114018F00B98FD7 /* LaunchScreen.storyboard */,
				C8D2AF722114019000B98FD7 /* Info.plist */,
			);
			path = VideoPlayerDemo;
			sourceTree = "<group>";
		};
		C8D2AF7A2114019000B98FD7 /* VideoPlayerDemoTests */ = {
			isa = PBXGroup;
			children = (
				C8D2AF7B2114019000B98FD7 /* VideoPlayerDemoTests.swift */,
				C8D2AF7D2114019000B98FD7 /* Info.plist */,
			);
			path = VideoPlayerDemoTests;
			sourceTree = "<group>";
		};
		C8D2AF852114019000B98FD7 /* VideoPlayerDemoUITests */ = {
			isa = PBXGroup;
			children = (
				C8D2AF862114019000B98FD7 /* VideoPlayerDemoUITests.swift */,
				C8D2AF882114019000B98FD7 /* Info.plist */,
			);
			path = VideoPlayerDemoUITests;
			sourceTree = "<group>";
		};
/* End PBXGroup section */

/* Begin PBXNativeTarget section */
		C8D2AF622114018D00B98FD7 /* VideoPlayerDemo */ = {
			isa = PBXNativeTarget;
			buildConfigurationList = C8D2AF8B2114019000B98FD7 /* Build configuration list for PBXNativeTarget "VideoPlayerDemo" */;
			buildPhases = (
				C8D2AF5F2114018D00B98FD7 /* Sources */,
				C8D2AF602114018D00B98FD7 /* Frameworks */,
				C8D2AF612114018D00B98FD7 /* Resources */,
			);
			buildRules = (
			);
			dependencies = (
			);
			name = VideoPlayerDemo;
			productName = VideoPlayerDemo;
			productReference = C8D2AF632114018D00B98FD7 /* VideoPlayerDemo.app */;
			productType = "com.apple.product-type.application";
		};
		C8D2AF762114019000B98FD7 /* VideoPlayerDemoTests */ = {
			isa = PBXNativeTarget;
			buildConfigurationList = C8D2AF8E2114019000B98FD7 /* Build configuration list for PBXNativeTarget "VideoPlayerDemoTests" */;
			buildPhases = (
				C8D2AF732114019000B98FD7 /* Sources */,
				C8D2AF742114019000B98FD7 /* Frameworks */,
				C8D2AF752114019000B98FD7 /* Resources */,
			);
			buildRules = (
			);
			dependencies = (
				C8D2AF792114019000B98FD7 /* PBXTargetDependency */,
			);
			name = VideoPlayerDemoTests;
			productName = VideoPlayerDemoTests;
			productReference = C8D2AF772114019000B98FD7 /* VideoPlayerDemoTests.xctest */;
			productType = "com.apple.product-type.bundle.unit-test";
		};
		C8D2AF812114019000B98FD7 /* VideoPlayerDemoUITests */ = {
			isa = PBXNativeTarget;
			buildConfigurationList = C8D2AF912114019000B98FD7 /* Build configuration list for PBXNativeTarget "VideoPlayerDemoUITests" */;
			buildPhases = (
				C8D2AF7E2114019000B98FD7 /* Sources */,
				C8D2AF7F2114019000B98FD7 /* Frameworks */,
				C8D2AF802114019000B98FD7 /* Resources */,
			);
			buildRules = (
			);
			dependencies = (
				C8D2AF842114019000B98FD7 /* PBXTargetDependency */,
			);
			name = VideoPlayerDemoUITests;
			productName = VideoPlayerDemoUITests;
			productReference = C8D2AF822114019000B98FD7 /* VideoPlayerDemoUITests.xctest */;
			productType = "com.apple.product-type.bundle.ui-testing";
		};
/* End PBXNativeTarget section */

/* Begin PBXProject section */
		C8D2AF5B2114018D00B98FD7 /* Project object */ = {
			isa = PBXProject;
			attributes = {
				LastSwiftUpdateCheck = 0940;
				LastUpgradeCheck = 0940;
				ORGANIZATIONNAME = "廖文韬";
				TargetAttributes = {
					C8D2AF622114018D00B98FD7 = {
						CreatedOnToolsVersion = 9.4.1;
					};
					C8D2AF762114019000B98FD7 = {
						CreatedOnToolsVersion = 9.4.1;
						TestTargetID = C8D2AF622114018D00B98FD7;
					};
					C8D2AF812114019000B98FD7 = {
						CreatedOnToolsVersion = 9.4.1;
						TestTargetID = C8D2AF622114018D00B98FD7;
					};
				};
			};
			buildConfigurationList = C8D2AF5E2114018D00B98FD7 /* Build configuration list for PBXProject "VideoPlayerDemo" */;
			compatibilityVersion = "Xcode 9.3";
			developmentRegion = en;
			hasScannedForEncodings = 0;
			knownRegions = (
				en,
				Base,
			);
			mainGroup = C8D2AF5A2114018D00B98FD7;
			productRefGroup = C8D2AF642114018D00B98FD7 /* Products */;
			projectDirPath = "";
			projectRoot = "";
			targets = (
				C8D2AF622114018D00B98FD7 /* VideoPlayerDemo */,
				C8D2AF762114019000B98FD7 /* VideoPlayerDemoTests */,
				C8D2AF812114019000B98FD7 /* VideoPlayerDemoUITests */,
			);
		};
/* End PBXProject section */

/* Begin PBXResourcesBuildPhase section */
		C8D2AF612114018D00B98FD7 /* Resources */ = {
			isa = PBXResourcesBuildPhase;
			buildActionMask = 2147483647;
			files = (
				C8D2AF712114018F00B98FD7 /* LaunchScreen.storyboard in Resources */,
				C8D2AF6E2114018F00B98FD7 /* Assets.xcassets in Resources */,
				C8D2AF6C2114018D00B98FD7 /* Main.storyboard in Resources */,
			);
			runOnlyForDeploymentPostprocessing = 0;
		};
		C8D2AF752114019000B98FD7 /* Resources */ = {
			isa = PBXResourcesBuildPhase;
			buildActionMask = 2147483647;
			files = (
			);
			runOnlyForDeploymentPostprocessing = 0;
		};
		C8D2AF802114019000B98FD7 /* Resources */ = {
			isa = PBXResourcesBuildPhase;
			buildActionMask = 2147483647;
			files = (
			);
			runOnlyForDeploymentPostprocessing = 0;
		};
/* End PBXResourcesBuildPhase section */

/* Begin PBXSourcesBuildPhase section */
		C8D2AF5F2114018D00B98FD7 /* Sources */ = {
			isa = PBXSourcesBuildPhase;
			buildActionMask = 2147483647;
			files = (
				C8D2AF9D2114472C00B98FD7 /* WTPlyaerViewController.swift in Sources */,
				C8D2AF692114018D00B98FD7 /* ViewController.swift in Sources */,
				C8D2AF95211408F600B98FD7 /* WebViewController.swift in Sources */,
				C8D2AF672114018D00B98FD7 /* AppDelegate.swift in Sources */,
				C8D2AF9B21143DC000B98FD7 /* WTMPMoviePlayerController.swift in Sources */,
				C8D2AF9F2114499C00B98FD7 /* WTPlayerController.swift in Sources */,
			);
			runOnlyForDeploymentPostprocessing = 0;
		};
		C8D2AF732114019000B98FD7 /* Sources */ = {
			isa = PBXSourcesBuildPhase;
			buildActionMask = 2147483647;
			files = (
				C8D2AF7C2114019000B98FD7 /* VideoPlayerDemoTests.swift in Sources */,
			);
			runOnlyForDeploymentPostprocessing = 0;
		};
		C8D2AF7E2114019000B98FD7 /* Sources */ = {
			isa = PBXSourcesBuildPhase;
			buildActionMask = 2147483647;
			files = (
				C8D2AF872114019000B98FD7 /* VideoPlayerDemoUITests.swift in Sources */,
			);
			runOnlyForDeploymentPostprocessing = 0;
		};
/* End PBXSourcesBuildPhase section */

/* Begin PBXTargetDependency section */
		C8D2AF792114019000B98FD7 /* PBXTargetDependency */ = {
			isa = PBXTargetDependency;
			target = C8D2AF622114018D00B98FD7 /* VideoPlayerDemo */;
			targetProxy = C8D2AF782114019000B98FD7 /* PBXContainerItemProxy */;
		};
		C8D2AF842114019000B98FD7 /* PBXTargetDependency */ = {
			isa = PBXTargetDependency;
			target = C8D2AF622114018D00B98FD7 /* VideoPlayerDemo */;
			targetProxy = C8D2AF832114019000B98FD7 /* PBXContainerItemProxy */;
		};
/* End PBXTargetDependency section */

/* Begin PBXVariantGroup section */
		C8D2AF6A2114018D00B98FD7 /* Main.storyboard */ = {
			isa = PBXVariantGroup;
			children = (
				C8D2AF6B2114018D00B98FD7 /* Base */,
			);
			name = Main.storyboard;
			sourceTree = "<group>";
		};
		C8D2AF6F2114018F00B98FD7 /* LaunchScreen.storyboard */ = {
			isa = PBXVariantGroup;
			children = (
				C8D2AF702114018F00B98FD7 /* Base */,
			);
			name = LaunchScreen.storyboard;
			sourceTree = "<group>";
		};
/* End PBXVariantGroup section */

/* Begin XCBuildConfiguration section */
		C8D2AF892114019000B98FD7 /* Debug */ = {
			isa = XCBuildConfiguration;
			buildSettings = {
				ALWAYS_SEARCH_USER_PATHS = NO;
				CLANG_ANALYZER_NONNULL = YES;
				CLANG_ANALYZER_NUMBER_OBJECT_CONVERSION = YES_AGGRESSIVE;
				CLANG_CXX_LANGUAGE_STANDARD = "gnu++14";
				CLANG_CXX_LIBRARY = "libc++";
				CLANG_ENABLE_MODULES = YES;
				CLANG_ENABLE_OBJC_ARC = YES;
				CLANG_ENABLE_OBJC_WEAK = YES;
				CLANG_WARN_BLOCK_CAPTURE_AUTORELEASING = YES;
				CLANG_WARN_BOOL_CONVERSION = YES;
				CLANG_WARN_COMMA = YES;
				CLANG_WARN_CONSTANT_CONVERSION = YES;
				CLANG_WARN_DEPRECATED_OBJC_IMPLEMENTATIONS = YES;
				CLANG_WARN_DIRECT_OBJC_ISA_USAGE = YES_ERROR;
				CLANG_WARN_DOCUMENTATION_COMMENTS = YES;
				CLANG_WARN_EMPTY_BODY = YES;
				CLANG_WARN_ENUM_CONVERSION = YES;
				CLANG_WARN_INFINITE_RECURSION = YES;
				CLANG_WARN_INT_CONVERSION = YES;
				CLANG_WARN_NON_LITERAL_NULL_CONVERSION = YES;
				CLANG_WARN_OBJC_IMPLICIT_RETAIN_SELF = YES;
				CLANG_WARN_OBJC_LITERAL_CONVERSION = YES;
				CLANG_WARN_OBJC_ROOT_CLASS = YES_ERROR;
				CLANG_WARN_RANGE_LOOP_ANALYSIS = YES;
				CLANG_WARN_STRICT_PROTOTYPES = YES;
				CLANG_WARN_SUSPICIOUS_MOVE = YES;
				CLANG_WARN_UNGUARDED_AVAILABILITY = YES_AGGRESSIVE;
				CLANG_WARN_UNREACHABLE_CODE = YES;
				CLANG_WARN__DUPLICATE_METHOD_MATCH = YES;
				CODE_SIGN_IDENTITY = "iPhone Developer";
				COPY_PHASE_STRIP = NO;
				DEBUG_INFORMATION_FORMAT = dwarf;
				ENABLE_STRICT_OBJC_MSGSEND = YES;
				ENABLE_TESTABILITY = YES;
				GCC_C_LANGUAGE_STANDARD = gnu11;
				GCC_DYNAMIC_NO_PIC = NO;
				GCC_NO_COMMON_BLOCKS = YES;
				GCC_OPTIMIZATION_LEVEL = 0;
				GCC_PREPROCESSOR_DEFINITIONS = (
					"DEBUG=1",
					"$(inherited)",
				);
				GCC_WARN_64_TO_32_BIT_CONVERSION = YES;
				GCC_WARN_ABOUT_RETURN_TYPE = YES_ERROR;
				GCC_WARN_UNDECLARED_SELECTOR = YES;
				GCC_WARN_UNINITIALIZED_AUTOS = YES_AGGRESSIVE;
				GCC_WARN_UNUSED_FUNCTION = YES;
				GCC_WARN_UNUSED_VARIABLE = YES;
				IPHONEOS_DEPLOYMENT_TARGET = 11.4;
				MTL_ENABLE_DEBUG_INFO = YES;
				ONLY_ACTIVE_ARCH = YES;
				SDKROOT = iphoneos;
				SWIFT_ACTIVE_COMPILATION_CONDITIONS = DEBUG;
				SWIFT_OPTIMIZATION_LEVEL = "-Onone";
			};
			name = Debug;
		};
		C8D2AF8A2114019000B98FD7 /* Release */ = {
			isa = XCBuildConfiguration;
			buildSettings = {
				ALWAYS_SEARCH_USER_PATHS = NO;
				CLANG_ANALYZER_NONNULL = YES;
				CLANG_ANALYZER_NUMBER_OBJECT_CONVERSION = YES_AGGRESSIVE;
				CLANG_CXX_LANGUAGE_STANDARD = "gnu++14";
				CLANG_CXX_LIBRARY = "libc++";
				CLANG_ENABLE_MODULES = YES;
				CLANG_ENABLE_OBJC_ARC = YES;
				CLANG_ENABLE_OBJC_WEAK = YES;
				CLANG_WARN_BLOCK_CAPTURE_AUTORELEASING = YES;
				CLANG_WARN_BOOL_CONVERSION = YES;
				CLANG_WARN_COMMA = YES;
				CLANG_WARN_CONSTANT_CONVERSION = YES;
				CLANG_WARN_DEPRECATED_OBJC_IMPLEMENTATIONS = YES;
				CLANG_WARN_DIRECT_OBJC_ISA_USAGE = YES_ERROR;
				CLANG_WARN_DOCUMENTATION_COMMENTS = YES;
				CLANG_WARN_EMPTY_BODY = YES;
				CLANG_WARN_ENUM_CONVERSION = YES;
				CLANG_WARN_INFINITE_RECURSION = YES;
				CLANG_WARN_INT_CONVERSION = YES;
				CLANG_WARN_NON_LITERAL_NULL_CONVERSION = YES;
				CLANG_WARN_OBJC_IMPLICIT_RETAIN_SELF = YES;
				CLANG_WARN_OBJC_LITERAL_CONVERSION = YES;
				CLANG_WARN_OBJC_ROOT_CLASS = YES_ERROR;
				CLANG_WARN_RANGE_LOOP_ANALYSIS = YES;
				CLANG_WARN_STRICT_PROTOTYPES = YES;
				CLANG_WARN_SUSPICIOUS_MOVE = YES;
				CLANG_WARN_UNGUARDED_AVAILABILITY = YES_AGGRESSIVE;
				CLANG_WARN_UNREACHABLE_CODE = YES;
				CLANG_WARN__DUPLICATE_METHOD_MATCH = YES;
				CODE_SIGN_IDENTITY = "iPhone Developer";
				COPY_PHASE_STRIP = NO;
				DEBUG_INFORMATION_FORMAT = "dwarf-with-dsym";
				ENABLE_NS_ASSERTIONS = NO;
				ENABLE_STRICT_OBJC_MSGSEND = YES;
				GCC_C_LANGUAGE_STANDARD = gnu11;
				GCC_NO_COMMON_BLOCKS = YES;
				GCC_WARN_64_TO_32_BIT_CONVERSION = YES;
				GCC_WARN_ABOUT_RETURN_TYPE = YES_ERROR;
				GCC_WARN_UNDECLARED_SELECTOR = YES;
				GCC_WARN_UNINITIALIZED_AUTOS = YES_AGGRESSIVE;
				GCC_WARN_UNUSED_FUNCTION = YES;
				GCC_WARN_UNUSED_VARIABLE = YES;
				IPHONEOS_DEPLOYMENT_TARGET = 11.4;
				MTL_ENABLE_DEBUG_INFO = NO;
				SDKROOT = iphoneos;
				SWIFT_COMPILATION_MODE = wholemodule;
				SWIFT_OPTIMIZATION_LEVEL = "-O";
				VALIDATE_PRODUCT = YES;
			};
			name = Release;
		};
		C8D2AF8C2114019000B98FD7 /* Debug */ = {
			isa = XCBuildConfiguration;
			buildSettings = {
				ASSETCATALOG_COMPILER_APPICON_NAME = AppIcon;
				CODE_SIGN_STYLE = Automatic;
				INFOPLIST_FILE = VideoPlayerDemo/Info.plist;
				LD_RUNPATH_SEARCH_PATHS = (
					"$(inherited)",
					"@executable_path/Frameworks",
				);
				PRODUCT_BUNDLE_IDENTIFIER = "-.VideoPlayerDemo";
				PRODUCT_NAME = "$(TARGET_NAME)";
				SWIFT_VERSION = 4.0;
				TARGETED_DEVICE_FAMILY = "1,2";
			};
			name = Debug;
		};
		C8D2AF8D2114019000B98FD7 /* Release */ = {
			isa = XCBuildConfiguration;
			buildSettings = {
				ASSETCATALOG_COMPILER_APPICON_NAME = AppIcon;
				CODE_SIGN_STYLE = Automatic;
				INFOPLIST_FILE = VideoPlayerDemo/Info.plist;
				LD_RUNPATH_SEARCH_PATHS = (
					"$(inherited)",
					"@executable_path/Frameworks",
				);
				PRODUCT_BUNDLE_IDENTIFIER = "-.VideoPlayerDemo";
				PRODUCT_NAME = "$(TARGET_NAME)";
				SWIFT_VERSION = 4.0;
				TARGETED_DEVICE_FAMILY = "1,2";
			};
			name = Release;
		};
		C8D2AF8F2114019000B98FD7 /* Debug */ = {
			isa = XCBuildConfiguration;
			buildSettings = {
				ALWAYS_EMBED_SWIFT_STANDARD_LIBRARIES = YES;
				BUNDLE_LOADER = "$(TEST_HOST)";
				CODE_SIGN_STYLE = Automatic;
				INFOPLIST_FILE = VideoPlayerDemoTests/Info.plist;
				LD_RUNPATH_SEARCH_PATHS = (
					"$(inherited)",
					"@executable_path/Frameworks",
					"@loader_path/Frameworks",
				);
				PRODUCT_BUNDLE_IDENTIFIER = "-.VideoPlayerDemoTests";
				PRODUCT_NAME = "$(TARGET_NAME)";
				SWIFT_VERSION = 4.0;
				TARGETED_DEVICE_FAMILY = "1,2";
				TEST_HOST = "$(BUILT_PRODUCTS_DIR)/VideoPlayerDemo.app/VideoPlayerDemo";
			};
			name = Debug;
		};
		C8D2AF902114019000B98FD7 /* Release */ = {
			isa = XCBuildConfiguration;
			buildSettings = {
				ALWAYS_EMBED_SWIFT_STANDARD_LIBRARIES = YES;
				BUNDLE_LOADER = "$(TEST_HOST)";
				CODE_SIGN_STYLE = Automatic;
				INFOPLIST_FILE = VideoPlayerDemoTests/Info.plist;
				LD_RUNPATH_SEARCH_PATHS = (
					"$(inherited)",
					"@executable_path/Frameworks",
					"@loader_path/Frameworks",
				);
				PRODUCT_BUNDLE_IDENTIFIER = "-.VideoPlayerDemoTests";
				PRODUCT_NAME = "$(TARGET_NAME)";
				SWIFT_VERSION = 4.0;
				TARGETED_DEVICE_FAMILY = "1,2";
				TEST_HOST = "$(BUILT_PRODUCTS_DIR)/VideoPlayerDemo.app/VideoPlayerDemo";
			};
			name = Release;
		};
		C8D2AF922114019000B98FD7 /* Debug */ = {
			isa = XCBuildConfiguration;
			buildSettings = {
				ALWAYS_EMBED_SWIFT_STANDARD_LIBRARIES = YES;
				CODE_SIGN_STYLE = Automatic;
				INFOPLIST_FILE = VideoPlayerDemoUITests/Info.plist;
				LD_RUNPATH_SEARCH_PATHS = (
					"$(inherited)",
					"@executable_path/Frameworks",
					"@loader_path/Frameworks",
				);
				PRODUCT_BUNDLE_IDENTIFIER = "-.VideoPlayerDemoUITests";
				PRODUCT_NAME = "$(TARGET_NAME)";
				SWIFT_VERSION = 4.0;
				TARGETED_DEVICE_FAMILY = "1,2";
				TEST_TARGET_NAME = VideoPlayerDemo;
			};
			name = Debug;
		};
		C8D2AF932114019000B98FD7 /* Release */ = {
			isa = XCBuildConfiguration;
			buildSettings = {
				ALWAYS_EMBED_SWIFT_STANDARD_LIBRARIES = YES;
				CODE_SIGN_STYLE = Automatic;
				INFOPLIST_FILE = VideoPlayerDemoUITests/Info.plist;
				LD_RUNPATH_SEARCH_PATHS = (
					"$(inherited)",
					"@executable_path/Frameworks",
					"@loader_path/Frameworks",
				);
				PRODUCT_BUNDLE_IDENTIFIER = "-.VideoPlayerDemoUITests";
				PRODUCT_NAME = "$(TARGET_NAME)";
				SWIFT_VERSION = 4.0;
				TARGETED_DEVICE_FAMILY = "1,2";
				TEST_TARGET_NAME = VideoPlayerDemo;
			};
			name = Release;
		};
/* End XCBuildConfiguration section */

/* Begin XCConfigurationList section */
		C8D2AF5E2114018D00B98FD7 /* Build configuration list for PBXProject "VideoPlayerDemo" */ = {
			isa = XCConfigurationList;
			buildConfigurations = (
				C8D2AF892114019000B98FD7 /* Debug */,
				C8D2AF8A2114019000B98FD7 /* Release */,
			);
			defaultConfigurationIsVisible = 0;
			defaultConfigurationName = Release;
		};
		C8D2AF8B2114019000B98FD7 /* Build configuration list for PBXNativeTarget "VideoPlayerDemo" */ = {
			isa = XCConfigurationList;
			buildConfigurations = (
				C8D2AF8C2114019000B98FD7 /* Debug */,
				C8D2AF8D2114019000B98FD7 /* Release */,
			);
			defaultConfigurationIsVisible = 0;
			defaultConfigurationName = Release;
		};
		C8D2AF8E2114019000B98FD7 /* Build configuration list for PBXNativeTarget "VideoPlayerDemoTests" */ = {
			isa = XCConfigurationList;
			buildConfigurations = (
				C8D2AF8F2114019000B98FD7 /* Debug */,
				C8D2AF902114019000B98FD7 /* Release */,
			);
			defaultConfigurationIsVisible = 0;
			defaultConfigurationName = Release;
		};
		C8D2AF912114019000B98FD7 /* Build configuration list for PBXNativeTarget "VideoPlayerDemoUITests" */ = {
			isa = XCConfigurationList;
			buildConfigurations = (
				C8D2AF922114019000B98FD7 /* Debug */,
				C8D2AF932114019000B98FD7 /* Release */,
			);
			defaultConfigurationIsVisible = 0;
			defaultConfigurationName = Release;
		};
/* End XCConfigurationList section */
	};
	rootObject = C8D2AF5B2114018D00B98FD7 /* Project object */;
}
